version = 1
revision = 3
requires-python = "==3.13.*"
resolution-markers = [
    "sys_platform != 'darwin'",
    "sys_platform == 'darwin'",
]

[[package]]
name = "colorama"
version = "0.4.6"
source = { registry = "https://pypi.org/simple" }
sdist = { url = "https://files.pythonhosted.org/packages/d8/53/6f443c9a4a8358a93a6792e2acffb9d9d5cb0a5cfd8802644b7b1c9a02e4/colorama-0.4.6.tar.gz", hash = "sha256:08695f5cb7ed6e0531a20572697297273c47b8cae5a63ffc6d6ed5c201be6e44", size = 27697, upload-time = "2022-10-25T02:36:22.414Z" }
wheels = [
    { url = "https://files.pythonhosted.org/packages/d1/d6/3965ed04c63042e047cb6a3e6ed1a63a35087b6a609aa3a15ed8ac56c221/colorama-0.4.6-py2.py3-none-any.whl", hash = "sha256:4f1d9991f5acc0ca119f9d443620b77f9d6b33703e51011c16baf57afb285fc6", size = 25335, upload-time = "2022-10-25T02:36:20.889Z" },
]

[[package]]
name = "filelock"
version = "3.32.5"
source = { registry = "https://pypi.org/simple" }
sdist = { url = "https://files.pythonhosted.org/packages/0a/a0/50c2c0ce5e74d7721bbb1b19a26ebd339aac5878553a6e35308c2f31f935/filelock-3.32.5.tar.gz", hash = "sha256:f6a6a28f743f9b95ce19db5abe0f376f75eb56517dff21e1a4751e2657d3e83d", size = 222838, upload-time = "2026-08-31T18:56:34.729Z" }
wheels = [
    { url = "https://files.pythonhosted.org/packages/36/d2/b70a31e13d04456d28493f31d2aa087e99eeb2767ef0293b2625727ccb8c/filelock-3.32.5-py3-none-any.whl", hash = "sha256:142cd9fa77a872c5e78c62329a0d15278fadc686eb89e760017968961a4fd6b2", size = 100003, upload-time = "2026-08-31T18:56:33.078Z" },
]

[[package]]
name = "fsspec"
version = "2026.7.0"
source = { registry = "https://pypi.org/simple" }
sdist = { url = "https://files.pythonhosted.org/packages/00/78/f34251dadb8f3921264a1d9b8946f5e542014ee2614b285261b4e40e6775/fsspec-2026.7.0.tar.gz", hash = "sha256:c803c40f4cf860b49dea58ee3e1c33cb9c790520e233537e1340049f89b82a88", size = 317040, upload-time = "2026-07-28T16:34:51.052Z" }
wheels = [
    { url = "https://files.pythonhosted.org/packages/fd/3c/6a2bf344106328fd04963664a60b9bb6496fc25df8e962fcdc1367285fb9/fsspec-2026.7.0-py3-none-any.whl", hash = "sha256:b57ddbafedfaef7018c1ecab32aa200a9d7ca26b77965f64e48b70061249d279", size = 206583, upload-time = "2026-07-28T16:34:49.538Z" },
]

[[package]]
name = "iniconfig"
version = "2.3.0"
source = { registry = "https://pypi.org/simple" }
sdist = { url = "https://files.pythonhosted.org/packages/72/34/14ca021ce8e5dfedc35312d08ba8bf51fdd999c576889fc2c24cb97f4f10/iniconfig-2.3.0.tar.gz", hash = "sha256:c76315c77db068650d49c5b56314774a7804df16fee4402c1f19d6d15d8c4730", size = 20503, upload-time = "2025-10-18T21:55:43.219Z" }
wheels = [
    { url = "https://files.pythonhosted.org/packages/cb/b1/3846dd7f199d53cb17f49cba7e651e9ce294d8497c8c150530ed11865bb8/iniconfig-2.3.0-py3-none-any.whl", hash = "sha256:f631c04d2c48c52b84d0d0549c99ff3859c98df65b3101406327ecc7d53fbf12", size = 7484, upload-time = "2025-10-18T21:55:41.639Z" },
]

[[package]]
name = "jinja2"
version = "3.1.6"
source = { registry = "https://pypi.org/simple" }
dependencies = [
    { name = "markupsafe" },
]
sdist = { url = "https://files.pythonhosted.org/packages/df/bf/f7da0350254c0ed7c72f3e33cef02e048281fec7ecec5f032d4aac52226b/jinja2-3.1.6.tar.gz", hash = "sha256:0137fb05990d35f1275a587e9aee6d56da821fc83491a0fb838183be43f66d6d", size = 245115, upload-time = "2025-03-05T20:05:02.478Z" }
wheels = [
    { url = "https://files.pythonhosted.org/packages/62/a1/3d680cbfd5f4b8f15abc1d571870c5fc3e594bb582bc3b64ea099db13e56/jinja2-3.1.6-py3-none-any.whl", hash = "sha256:85ece4451f492d0c13c5dd7c13a64681a86afae63a5f347908daf103ce6d2f67", size = 134899, upload-time = "2025-03-05T20:05:00.369Z" },
]

[[package]]
name = "markupsafe"
version = "3.0.3"
source = { registry = "https://pypi.org/simple" }
sdist = { url = "https://files.pythonhosted.org/packages/7e/99/7690b6d4034fffd95959cbe0c02de8deb3098cc577c67bb6a24fe5d7caa7/markupsafe-3.0.3.tar.gz", hash = "sha256:722695808f4b6457b320fdc131280796bdceb04ab50fe1795cd540799ebe1698", size = 80313, upload-time = "2025-09-27T18:37:40.426Z" }
wheels = [
    { url = "https://files.pythonhosted.org/packages/38/2f/907b9c7bbba283e68f20259574b13d005c121a0fa4c175f9bed27c4597ff/markupsafe-3.0.3-cp313-cp313-macosx_10_13_x86_64.whl", hash = "sha256:e1cf1972137e83c5d4c136c43ced9ac51d0e124706ee1c8aa8532c1287fa8795", size = 11622, upload-time = "2025-09-27T18:36:41.777Z" },
    { url = "https://files.pythonhosted.org/packages/9c/d9/5f7756922cdd676869eca1c4e3c0cd0df60ed30199ffd775e319089cb3ed/markupsafe-3.0.3-cp313-cp313-macosx_11_0_arm64.whl", hash = "sha256:116bb52f642a37c115f517494ea5feb03889e04df47eeff5b130b1808ce7c219", size = 12029, upload-time = "2025-09-27T18:36:43.257Z" },
    { url = "https://files.pythonhosted.org/packages/00/07/575a68c754943058c78f30db02ee03a64b3c638586fba6a6dd56830b30a3/markupsafe-3.0.3-cp313-cp313-manylinux2014_aarch64.manylinux_2_17_aarch64.manylinux_2_28_aarch64.whl", hash = "sha256:133a43e73a802c5562be9bbcd03d090aa5a1fe899db609c29e8c8d815c5f6de6", size = 24374, upload-time = "2025-09-27T18:36:44.508Z" },
    { url = "https://files.pythonhosted.org/packages/a9/21/9b05698b46f218fc0e118e1f8168395c65c8a2c750ae2bab54fc4bd4e0e8/markupsafe-3.0.3-cp313-cp313-manylinux2014_x86_64.manylinux_2_17_x86_64.manylinux_2_28_x86_64.whl", hash = "sha256:ccfcd093f13f0f0b7fdd0f198b90053bf7b2f02a3927a30e63f3ccc9df56b676", size = 22980, upload-time = "2025-09-27T18:36:45.385Z" },
    { url = "https://files.pythonhosted.org/packages/7f/71/544260864f893f18b6827315b988c146b559391e6e7e8f7252839b1b846a/markupsafe-3.0.3-cp313-cp313-manylinux_2_31_riscv64.manylinux_2_39_riscv64.whl", hash = "sha256:509fa21c6deb7a7a273d629cf5ec029bc209d1a51178615ddf718f5918992ab9", size = 21990, upload-time = "2025-09-27T18:36:46.916Z" },
    { url = "https://files.pythonhosted.org/packages/c2/28/b50fc2f74d1ad761af2f5dcce7492648b983d00a65b8c0e0cb457c82ebbe/markupsafe-3.0.3-cp313-cp313-musllinux_1_2_aarch64.whl", hash = "sha256:a4afe79fb3de0b7097d81da19090f4df4f8d3a2b3adaa8764138aac2e44f3af1", size = 23784, upload-time = "2025-09-27T18:36:47.884Z" },
    { url = "https://files.pythonhosted.org/packages/ed/76/104b2aa106a208da8b17a2fb72e033a5a9d7073c68f7e508b94916ed47a9/markupsafe-3.0.3-cp313-cp313-musllinux_1_2_riscv64.whl", hash = "sha256:795e7751525cae078558e679d646ae45574b47ed6e7771863fcc079a6171a0fc", size = 21588, upload-time = "2025-09-27T18:36:48.82Z" },
    { url = "https://files.pythonhosted.org/packages/b5/99/16a5eb2d140087ebd97180d95249b00a03aa87e29cc224056274f2e45fd6/markupsafe-3.0.3-cp313-cp313-musllinux_1_2_x86_64.whl", hash = "sha256:8485f406a96febb5140bfeca44a73e3ce5116b2501ac54fe953e488fb1d03b12", size = 23041, upload-time = "2025-09-27T18:36:49.797Z" },
    { url = "https://files.pythonhosted.org/packages/19/bc/e7140ed90c5d61d77cea142eed9f9c303f4c4806f60a1044c13e3f1471d0/markupsafe-3.0.3-cp313-cp313-win32.whl", hash = "sha256:bdd37121970bfd8be76c5fb069c7751683bdf373db1ed6c010162b2a130248ed", size = 14543, upload-time = "2025-09-27T18:36:51.584Z" },
    { url = "https://files.pythonhosted.org/packages/05/73/c4abe620b841b6b791f2edc248f556900667a5a1cf023a6646967ae98335/markupsafe-3.0.3-cp313-cp313-win_amd64.whl", hash = "sha256:9a1abfdc021a164803f4d485104931fb8f8c1efd55bc6b748d2f5774e78b62c5", size = 15113, upload-time = "2025-09-27T18:36:52.537Z" },
    { url = "https://files.pythonhosted.org/packages/f0/3a/fa34a0f7cfef23cf9500d68cb7c32dd64ffd58a12b09225fb03dd37d5b80/markupsafe-3.0.3-cp313-cp313-win_arm64.whl", hash = "sha256:7e68f88e5b8799aa49c85cd116c932a1ac15caaa3f5db09087854d218359e485", size = 13911, upload-time = "2025-09-27T18:36:53.513Z" },
    { url = "https://files.pythonhosted.org/packages/e4/d7/e05cd7efe43a88a17a37b3ae96e79a19e846f3f456fe79c57ca61356ef01/markupsafe-3.0.3-cp313-cp313t-macosx_10_13_x86_64.whl", hash = "sha256:218551f6df4868a8d527e3062d0fb968682fe92054e89978594c28e642c43a73", size = 11658, upload-time = "2025-09-27T18:36:54.819Z" },
    { url = "https://files.pythonhosted.org/packages/99/9e/e412117548182ce2148bdeacdda3bb494260c0b0184360fe0d56389b523b/markupsafe-3.0.3-cp313-cp313t-macosx_11_0_arm64.whl", hash = "sha256:3524b778fe5cfb3452a09d31e7b5adefeea8c5be1d43c4f810ba09f2ceb29d37", size = 12066, upload-time = "2025-09-27T18:36:55.714Z" },
    { url = "https://files.pythonhosted.org/packages/bc/e6/fa0ffcda717ef64a5108eaa7b4f5ed28d56122c9a6d70ab8b72f9f715c80/markupsafe-3.0.3-cp313-cp313t-manylinux2014_aarch64.manylinux_2_17_aarch64.manylinux_2_28_aarch64.whl", hash = "sha256:4e885a3d1efa2eadc93c894a21770e4bc67899e3543680313b09f139e149ab19", size = 25639, upload-time = "2025-09-27T18:36:56.908Z" },
    { url = "https://files.pythonhosted.org/packages/96/ec/2102e881fe9d25fc16cb4b25d5f5cde50970967ffa5dddafdb771237062d/markupsafe-3.0.3-cp313-cp313t-manylinux2014_x86_64.manylinux_2_17_x86_64.manylinux_2_28_x86_64.whl", hash = "sha256:8709b08f4a89aa7586de0aadc8da56180242ee0ada3999749b183aa23df95025", size = 23569, upload-time = "2025-09-27T18:36:57.913Z" },
    { url = "https://files.pythonhosted.org/packages/4b/30/6f2fce1f1f205fc9323255b216ca8a235b15860c34b6798f810f05828e32/markupsafe-3.0.3-cp313-cp313t-manylinux_2_31_riscv64.manylinux_2_39_riscv64.whl", hash = "sha256:b8512a91625c9b3da6f127803b166b629725e68af71f8184ae7e7d54686a56d6", size = 23284, upload-time = "2025-09-27T18:36:58.833Z" },
    { url = "https://files.pythonhosted.org/packages/58/47/4a0ccea4ab9f5dcb6f79c0236d954acb382202721e704223a8aafa38b5c8/markupsafe-3.0.3-cp313-cp313t-musllinux_1_2_aarch64.whl", hash = "sha256:9b79b7a16f7fedff2495d684f2b59b0457c3b493778c9eed31111be64d58279f", size = 24801, upload-time = "2025-09-27T18:36:59.739Z" },
    { url = "https://files.pythonhosted.org/packages/6a/70/3780e9b72180b6fecb83a4814d84c3bf4b4ae4bf0b19c27196104149734c/markupsafe-3.0.3-cp313-cp313t-musllinux_1_2_riscv64.whl", hash = "sha256:12c63dfb4a98206f045aa9563db46507995f7ef6d83b2f68eda65c307c6829eb", size = 22769, upload-time = "2025-09-27T18:37:00.719Z" },
    { url = "https://files.pythonhosted.org/packages/98/c5/c03c7f4125180fc215220c035beac6b9cb684bc7a067c84fc69414d315f5/markupsafe-3.0.3-cp313-cp313t-musllinux_1_2_x86_64.whl", hash = "sha256:8f71bc33915be5186016f675cd83a1e08523649b0e33efdb898db577ef5bb009", size = 23642, upload-time = "2025-09-27T18:37:01.673Z" },
    { url = "https://files.pythonhosted.org/packages/80/d6/2d1b89f6ca4bff1036499b1e29a1d02d282259f3681540e16563f27ebc23/markupsafe-3.0.3-cp313-cp313t-win32.whl", hash = "sha256:69c0b73548bc525c8cb9a251cddf1931d1db4d2258e9599c28c07ef3580ef354", size = 14612, upload-time = "2025-09-27T18:37:02.639Z" },
    { url = "https://files.pythonhosted.org/packages/2b/98/e48a4bfba0a0ffcf9925fe2d69240bfaa19c6f7507b8cd09c70684a53c1e/markupsafe-3.0.3-cp313-cp313t-win_amd64.whl", hash = "sha256:1b4b79e8ebf6b55351f0d91fe80f893b4743f104bff22e90697db1590e47a218", size = 15200, upload-time = "2025-09-27T18:37:03.582Z" },
    { url = "https://files.pythonhosted.org/packages/0e/72/e3cc540f351f316e9ed0f092757459afbc595824ca724cbc5a5d4263713f/markupsafe-3.0.3-cp313-cp313t-win_arm64.whl", hash = "sha256:ad2cf8aa28b8c020ab2fc8287b0f823d0a7d8630784c31e9ee5edea20f406287", size = 13973, upload-time = "2025-09-27T18:37:04.929Z" },
]

[[package]]
name = "mpmath"
version = "1.3.0"
source = { registry = "https://pypi.org/simple" }
sdist = { url = "https://files.pythonhosted.org/packages/e0/47/dd32fa426cc72114383ac549964eecb20ecfd886d1e5ccf5340b55b02f57/mpmath-1.3.0.tar.gz", hash = "sha256:7a28eb2a9774d00c7bc92411c19a89209d5da7c4c9a9e227be8330a23a25b91f", size = 508106, upload-time = "2023-03-07T16:47:11.061Z" }
wheels = [
    { url = "https://files.pythonhosted.org/packages/43/e3/7d92a15f894aa0c9c4b49b8ee9ac9850d6e63b03c9c32c0367a13ae62209/mpmath-1.3.0-py3-none-any.whl", hash = "sha256:a0b2b9fe80bbcd81a6647ff13108738cfb482d481d826cc0e02f5b35e5c88d2c", size = 536198, upload-time = "2023-03-07T16:47:09.197Z" },
]

[[package]]
name = "msgpack"
version = "1.2.2"
source = { registry = "https://pypi.org/simple" }
sdist = { url = "https://files.pythonhosted.org/packages/6d/44/ea2100ec54d30c46ee9dba10a3bfb79b655e96c6df237238a3234c75869b/msgpack-1.2.2.tar.gz", hash = "sha256:9eb0b0e602064527a045ea28c4f174ed69383587e29cebe28947e3b84106eb2a", size = 187025, upload-time = "2026-08-27T10:03:47.793Z" }
wheels = [
    { url = "https://files.pythonhosted.org/packages/1f/eb/42f31c5a48811787ff59a9869721f70a49654d65ab6c455f4463c39b044e/msgpack-1.2.2-cp313-cp313-macosx_10_13_x86_64.whl", hash = "sha256:8b2a281b556f120a43e591ea39915741b7ad54d4727b9c4350a0a11692252533", size = 83911, upload-time = "2026-08-27T10:02:24.06Z" },
    { url = "https://files.pythonhosted.org/packages/33/54/10c6c16ddba8a5112e3680176b838e3694e4aad7284f9daa6d6d70d98817/msgpack-1.2.2-cp313-cp313-macosx_11_0_arm64.whl", hash = "sha256:1e8cdd1f3e7cc52c751092a9bf740e81e6919ab109cd376ae2d965dad0bbae34", size = 83734, upload-time = "2026-08-27T10:02:25.613Z" },
    { url = "https://files.pythonhosted.org/packages/d7/75/35823e4419df8792191b2a17ae3fe71b41d02c162b2c491c94d1a87f0caa/msgpack-1.2.2-cp313-cp313-manylinux2014_aarch64.manylinux_2_17_aarch64.manylinux_2_28_aarch64.whl", hash = "sha256:1814f92306ae7862908e9ece7cfd90e0dc87ded3e89b6ae7ffdd1175d6376fdc", size = 405635, upload-time = "2026-08-27T10:02:27.012Z" },
    { url = "https://files.pythonhosted.org/packages/6e/d3/6592e4064619b04f2dd0054c5fa13e37e3d55eb26044483d871fadb2f46b/msgpack-1.2.2-cp313-cp313-manylinux2014_x86_64.manylinux_2_17_x86_64.manylinux_2_28_x86_64.whl", hash = "sha256:d24b38a825bcca41bb956de50eb98451ef291304a8607fad99e619043d3e79b9", size = 417332, upload-time = "2026-08-27T10:02:28.776Z" },
    { url = "https://files.pythonhosted.org/packages/e3/a1/b21c6818a545e9a4a976ac954a5c250eecde9a02e0ec82f415473dab1324/msgpack-1.2.2-cp313-cp313-manylinux_2_31_riscv64.manylinux_2_39_riscv64.whl", hash = "sha256:34e83e345194a2a51d8bd447dea9de2104f91e75b247f4735f14f04529f0746b", size = 374378, upload-time = "2026-08-27T10:02:30.678Z" },
    { url = "https://files.pythonhosted.org/packages/03/8b/7ada15c7b64151d6dbb562d1b091520efb2c37acf2403b1d4ae13797b27d/msgpack-1.2.2-cp313-cp313-musllinux_1_2_aarch64.whl", hash = "sha256:682804bf31e43d46e51a9a33bd575b51e839d715ce6bd5612c055f7b28ad637b", size = 395809, upload-time = "2026-08-27T10:02:32.322Z" },
    { url = "https://files.pythonhosted.org/packages/bb/f7/96283e50f7020df4dfeacc55612b7a210c8cdf0dda48bc262f1f9b3e4c49/msgpack-1.2.2-cp313-cp313-musllinux_1_2_riscv64.whl", hash = "sha256:9b659d77f8726fa5e7038967dda6b68d53cf34472c094cfa5b845454713b90d5", size = 373495, upload-time = "2026-08-27T10:02:33.832Z" },
    { url = "https://files.pythonhosted.org/packages/cc/fe/1548dede9d9ca482f2d424a2e110a9705d4e02627a16b8bc8d10ce0208a2/msgpack-1.2.2-cp313-cp313-musllinux_1_2_x86_64.whl", hash = "sha256:4d9a562aec0a92fe536da2e533d313b3d2a6b929157b1dec7ff623446dc0a8ab", size = 414360, upload-time = "2026-08-27T10:02:35.396Z" },
    { url = "https://files.pythonhosted.org/packages/77/9d/4419b8f86c219174b1fb8bbd7faaf84a548935f7b1916d028401b9433417/msgpack-1.2.2-cp313-cp313-win32.whl", hash = "sha256:a4161eee7799863aee237c35c90427861f7b994416dd81ae829f560b0a81bdcd", size = 65196, upload-time = "2026-08-27T10:02:37.007Z" },
    { url = "https://files.pythonhosted.org/packages/3c/f8/593f5caf0dacab41cde1564c5f0419e61af55ec9628006205e8fd5eb5e03/msgpack-1.2.2-cp313-cp313-win_amd64.whl", hash = "sha256:b07c03f0da7e5279170df7745ddc732d526c8a198208936ec1a95c11ed2b2d5f", size = 72203, upload-time = "2026-08-27T10:02:38.28Z" },
    { url = "https://files.pythonhosted.org/packages/bc/9e/c6ef92046b4a2bbb9d3aa0cb581cbf4a4051afccf6e5fb301a1bd3086f39/msgpack-1.2.2-cp313-cp313-win_arm64.whl", hash = "sha256:d13d07efbf655f9ae7a2352b630c52727b359005b21ba08a507585c9ac8c0896", size = 65435, upload-time = "2026-08-27T10:02:39.534Z" },
]

[[package]]
name = "networkx"
version = "3.6.1"
source = { registry = "https://pypi.org/simple" }
sdist = { url = "https://files.pythonhosted.org/packages/6a/51/63fe664f3908c97be9d2e4f1158eb633317598cfa6e1fc14af5383f17512/networkx-3.6.1.tar.gz", hash = "sha256:26b7c357accc0c8cde558ad486283728b65b6a95d85ee1cd66bafab4c8168509", size = 2517025, upload-time = "2025-12-08T17:02:39.908Z" }
wheels = [
    { url = "https://files.pythonhosted.org/packages/9e/c9/b2622292ea83fbb4ec318f5b9ab867d0a28ab43c5717bb85b0a5f6b3b0a4/networkx-3.6.1-py3-none-any.whl", hash = "sha256:d47fbf302e7d9cbbb9e2555a0d267983d2aa476bac30e90dfbe5669bd57f3762", size = 2068504, upload-time = "2025-12-08T17:02:38.159Z" },
]

[[package]]
name = "numpy"
version = "2.3.5"
source = { registry = "https://pypi.org/simple" }
sdist = { url = "https://files.pythonhosted.org/packages/76/65/21b3bc86aac7b8f2862db1e808f1ea22b028e30a225a34a5ede9bf8678f2/numpy-2.3.5.tar.gz", hash = "sha256:784db1dcdab56bf0517743e746dfb0f885fc68d948aba86eeec2cba234bdf1c0", size = 20584950, upload-time = "2025-11-16T22:52:42.067Z" }
wheels = [
    { url = "https://files.pythonhosted.org/packages/db/69/9cde09f36da4b5a505341180a3f2e6fadc352fd4d2b7096ce9778db83f1a/numpy-2.3.5-cp313-cp313-macosx_10_13_x86_64.whl", hash = "sha256:d0f23b44f57077c1ede8c5f26b30f706498b4862d3ff0a7298b8411dd2f043ff", size = 16728251, upload-time = "2025-11-16T22:50:19.013Z" },
    { url = "https://files.pythonhosted.org/packages/79/fb/f505c95ceddd7027347b067689db71ca80bd5ecc926f913f1a23e65cf09b/numpy-2.3.5-cp313-cp313-macosx_11_0_arm64.whl", hash = "sha256:aa5bc7c5d59d831d9773d1170acac7893ce3a5e130540605770ade83280e7188", size = 12254652, upload-time = "2025-11-16T22:50:21.487Z" },
    { url = "https://files.pythonhosted.org/packages/78/da/8c7738060ca9c31b30e9301ee0cf6c5ffdbf889d9593285a1cead337f9a5/numpy-2.3.5-cp313-cp313-macosx_14_0_arm64.whl", hash = "sha256:ccc933afd4d20aad3c00bcef049cb40049f7f196e0397f1109dba6fed63267b0", size = 5083172, upload-time = "2025-11-16T22:50:24.562Z" },
    { url = "https://files.pythonhosted.org/packages/a4/b4/ee5bb2537fb9430fd2ef30a616c3672b991a4129bb1c7dcc42aa0abbe5d7/numpy-2.3.5-cp313-cp313-macosx_14_0_x86_64.whl", hash = "sha256:afaffc4393205524af9dfa400fa250143a6c3bc646c08c9f5e25a9f4b4d6a903", size = 6622990, upload-time = "2025-11-16T22:50:26.47Z" },
    { url = "https://files.pythonhosted.org/packages/95/03/dc0723a013c7d7c19de5ef29e932c3081df1c14ba582b8b86b5de9db7f0f/numpy-2.3.5-cp313-cp313-manylinux_2_27_aarch64.manylinux_2_28_aarch64.whl", hash = "sha256:9c75442b2209b8470d6d5d8b1c25714270686f14c749028d2199c54e29f20b4d", size = 14248902, upload-time = "2025-11-16T22:50:28.861Z" },
    { url = "https://files.pythonhosted.org/packages/f5/10/ca162f45a102738958dcec8023062dad0cbc17d1ab99d68c4e4a6c45fb2b/numpy-2.3.5-cp313-cp313-manylinux_2_27_x86_64.manylinux_2_28_x86_64.whl", hash = "sha256:11e06aa0af8c0f05104d56450d6093ee639e15f24ecf62d417329d06e522e017", size = 16597430, upload-time = "2025-11-16T22:50:31.56Z" },
    { url = "https://files.pythonhosted.org/packages/2a/51/c1e29be863588db58175175f057286900b4b3327a1351e706d5e0f8dd679/numpy-2.3.5-cp313-cp313-musllinux_1_2_aarch64.whl", hash = "sha256:ed89927b86296067b4f81f108a2271d8926467a8868e554eaf370fc27fa3ccaf", size = 16024551, upload-time = "2025-11-16T22:50:34.242Z" },
    { url = "https://files.pythonhosted.org/packages/83/68/8236589d4dbb87253d28259d04d9b814ec0ecce7cb1c7fed29729f4c3a78/numpy-2.3.5-cp313-cp313-musllinux_1_2_x86_64.whl", hash = "sha256:51c55fe3451421f3a6ef9a9c1439e82101c57a2c9eab9feb196a62b1a10b58ce", size = 18533275, upload-time = "2025-11-16T22:50:37.651Z" },
    { url = "https://files.pythonhosted.org/packages/40/56/2932d75b6f13465239e3b7b7e511be27f1b8161ca2510854f0b6e521c395/numpy-2.3.5-cp313-cp313-win32.whl", hash = "sha256:1978155dd49972084bd6ef388d66ab70f0c323ddee6f693d539376498720fb7e", size = 6277637, upload-time = "2025-11-16T22:50:40.11Z" },
    { url = "https://files.pythonhosted.org/packages/0c/88/e2eaa6cffb115b85ed7c7c87775cb8bcf0816816bc98ca8dbfa2ee33fe6e/numpy-2.3.5-cp313-cp313-win_amd64.whl", hash = "sha256:00dc4e846108a382c5869e77c6ed514394bdeb3403461d25a829711041217d5b", size = 12779090, upload-time = "2025-11-16T22:50:42.503Z" },
    { url = "https://files.pythonhosted.org/packages/8f/88/3f41e13a44ebd4034ee17baa384acac29ba6a4fcc2aca95f6f08ca0447d1/numpy-2.3.5-cp313-cp313-win_arm64.whl", hash = "sha256:0472f11f6ec23a74a906a00b48a4dcf3849209696dff7c189714511268d103ae", size = 10194710, upload-time = "2025-11-16T22:50:44.971Z" },
    { url = "https://files.pythonhosted.org/packages/13/cb/71744144e13389d577f867f745b7df2d8489463654a918eea2eeb166dfc9/numpy-2.3.5-cp313-cp313t-macosx_10_13_x86_64.whl", hash = "sha256:414802f3b97f3c1eef41e530aaba3b3c1620649871d8cb38c6eaff034c2e16bd", size = 16827292, upload-time = "2025-11-16T22:50:47.715Z" },
    { url = "https://files.pythonhosted.org/packages/71/80/ba9dc6f2a4398e7f42b708a7fdc841bb638d353be255655498edbf9a15a8/numpy-2.3.5-cp313-cp313t-macosx_11_0_arm64.whl", hash = "sha256:5ee6609ac3604fa7780e30a03e5e241a7956f8e2fcfe547d51e3afa5247ac47f", size = 12378897, upload-time = "2025-11-16T22:50:51.327Z" },
    { url = "https://files.pythonhosted.org/packages/2e/6d/db2151b9f64264bcceccd51741aa39b50150de9b602d98ecfe7e0c4bff39/numpy-2.3.5-cp313-cp313t-macosx_14_0_arm64.whl", hash = "sha256:86d835afea1eaa143012a2d7a3f45a3adce2d7adc8b4961f0b362214d800846a", size = 5207391, upload-time = "2025-11-16T22:50:54.542Z" },
    { url = "https://files.pythonhosted.org/packages/80/ae/429bacace5ccad48a14c4ae5332f6aa8ab9f69524193511d60ccdfdc65fa/numpy-2.3.5-cp313-cp313t-macosx_14_0_x86_64.whl", hash = "sha256:30bc11310e8153ca664b14c5f1b73e94bd0503681fcf136a163de856f3a50139", size = 6721275, upload-time = "2025-11-16T22:50:56.794Z" },
    { url = "https://files.pythonhosted.org/packages/74/5b/1919abf32d8722646a38cd527bc3771eb229a32724ee6ba340ead9b92249/numpy-2.3.5-cp313-cp313t-manylinux_2_27_aarch64.manylinux_2_28_aarch64.whl", hash = "sha256:1062fde1dcf469571705945b0f221b73928f34a20c904ffb45db101907c3454e", size = 14306855, upload-time = "2025-11-16T22:50:59.208Z" },
    { url = "https://files.pythonhosted.org/packages/a5/87/6831980559434973bebc30cd9c1f21e541a0f2b0c280d43d3afd909b66d0/numpy-2.3.5-cp313-cp313t-manylinux_2_27_x86_64.manylinux_2_28_x86_64.whl", hash = "sha256:ce581db493ea1a96c0556360ede6607496e8bf9b3a8efa66e06477267bc831e9", size = 16657359, upload-time = "2025-11-16T22:51:01.991Z" },
    { url = "https://files.pythonhosted.org/packages/dd/91/c797f544491ee99fd00495f12ebb7802c440c1915811d72ac5b4479a3356/numpy-2.3.5-cp313-cp313t-musllinux_1_2_aarch64.whl", hash = "sha256:cc8920d2ec5fa99875b670bb86ddeb21e295cb07aa331810d9e486e0b969d946", size = 16093374, upload-time = "2025-11-16T22:51:05.291Z" },
    { url = "https://files.pythonhosted.org/packages/74/a6/54da03253afcbe7a72785ec4da9c69fb7a17710141ff9ac5fcb2e32dbe64/numpy-2.3.5-cp313-cp313t-musllinux_1_2_x86_64.whl", hash = "sha256:9ee2197ef8c4f0dfe405d835f3b6a14f5fee7782b5de51ba06fb65fc9b36e9f1", size = 18594587, upload-time = "2025-11-16T22:51:08.585Z" },
    { url = "https://files.pythonhosted.org/packages/80/e9/aff53abbdd41b0ecca94285f325aff42357c6b5abc482a3fcb4994290b18/numpy-2.3.5-cp313-cp313t-win32.whl", hash = "sha256:70b37199913c1bd300ff6e2693316c6f869c7ee16378faf10e4f5e3275b299c3", size = 6405940, upload-time = "2025-11-16T22:51:11.541Z" },
    { url = "https://files.pythonhosted.org/packages/d5/81/50613fec9d4de5480de18d4f8ef59ad7e344d497edbef3cfd80f24f98461/numpy-2.3.5-cp313-cp313t-win_amd64.whl", hash = "sha256:b501b5fa195cc9e24fe102f21ec0a44dffc231d2af79950b451e0d99cea02234", size = 12920341, upload-time = "2025-11-16T22:51:14.312Z" },
    { url = "https://files.pythonhosted.org/packages/bb/ab/08fd63b9a74303947f34f0bd7c5903b9c5532c2d287bead5bdf4c556c486/numpy-2.3.5-cp313-cp313t-win_arm64.whl", hash = "sha256:a80afd79f45f3c4a7d341f13acbe058d1ca8ac017c165d3fa0d3de6bc1a079d7", size = 10262507, upload-time = "2025-11-16T22:51:16.846Z" },
]

[[package]]
name = "packaging"
version = "26.3"
source = { registry = "https://pypi.org/simple" }
sdist = { url = "https://files.pythonhosted.org/packages/7d/fa/3944b40b07da9ce895c0e6303a5ab7d53da063554f534556b134a54d6093/packaging-26.3.tar.gz", hash = "sha256:94edc256424af38762eb31306eed28beb9f0efc50a8837492c9d6fd6004aed79", size = 313412, upload-time = "2026-08-04T18:15:28.737Z" }
wheels = [
    { url = "https://files.pythonhosted.org/packages/63/34/ba1c580383c9eada3711951fef0795c80b829a078d72188184bcab9dd527/packaging-26.3-py3-none-any.whl", hash = "sha256:d7193f7c8e4e93f444fde0262bf90af30e16fa0ad0ad44cb553c87339b23cd1c", size = 129956, upload-time = "2026-08-04T18:15:27.159Z" },
]

[[package]]
name = "pllm-lifecycle-study"
version = "0.14.0+inference.study1"
source = { virtual = "." }
dependencies = [
    { name = "msgpack" },
    { name = "numpy" },
    { name = "safetensors" },
    { name = "tenseal" },
    { name = "torch", version = "2.10.0", source = { registry = "https://download.pytorch.org/whl/cpu" }, marker = "sys_platform == 'darwin'" },
    { name = "torch", version = "2.10.0+cpu", source = { registry = "https://download.pytorch.org/whl/cpu" }, marker = "sys_platform != 'darwin'" },
]

[package.dev-dependencies]
test = [
    { name = "pytest" },
]

[package.metadata]
requires-dist = [
    { name = "msgpack", specifier = ">=1.0" },
    { name = "numpy", specifier = "==2.3.5" },
    { name = "safetensors", specifier = ">=0.4" },
    { name = "tenseal", specifier = "==0.3.17" },
    { name = "torch", specifier = "==2.10.0", index = "https://download.pytorch.org/whl/cpu" },
]

[package.metadata.requires-dev]
test = [{ name = "pytest", specifier = ">=8" }]

[[package]]
name = "pluggy"
version = "1.6.0"
source = { registry = "https://pypi.org/simple" }
sdist = { url = "https://files.pythonhosted.org/packages/f9/e2/3e91f31a7d2b083fe6ef3fa267035b518369d9511ffab804f839851d2779/pluggy-1.6.0.tar.gz", hash = "sha256:7dcc130b76258d33b90f61b658791dede3486c3e6bfb003ee5c9bfb396dd22f3", size = 69412, upload-time = "2025-05-15T12:30:07.975Z" }
wheels = [
    { url = "https://files.pythonhosted.org/packages/54/20/4d324d65cc6d9205fabedc306948156824eb9f0ee1633355a8f7ec5c66bf/pluggy-1.6.0-py3-none-any.whl", hash = "sha256:e920276dd6813095e9377c0bc5566d94c932c33b27a3e3945d8389c374dd4746", size = 20538, upload-time = "2025-05-15T12:30:06.134Z" },
]

[[package]]
name = "pygments"
version = "2.21.0"
source = { registry = "https://pypi.org/simple" }
sdist = { url = "https://files.pythonhosted.org/packages/49/2e/ced460408999b33da6b31b0021b0f37d329e202d4169aeb164493778f25b/pygments-2.21.0.tar.gz", hash = "sha256:610ca751c9bc2492b38eb9a38a7fbc93edbbb2d7182edaf34e66ae493dee5c8c", size = 5005329, upload-time = "2026-08-17T08:02:48.824Z" }
wheels = [
    { url = "https://files.pythonhosted.org/packages/71/46/17f022dd3e953bf20a04a028a21ec746d942f8d2af30fa0f124fa0e6a684/pygments-2.21.0-py3-none-any.whl", hash = "sha256:2363c69b61c4a97c838da3b130dcd6468f4848992b21a82f2a63ec34377137d9", size = 1250147, upload-time = "2026-08-17T08:02:44.912Z" },
]

[[package]]
name = "pytest"
version = "9.1.1"
source = { registry = "https://pypi.org/simple" }
dependencies = [
    { name = "colorama", marker = "sys_platform == 'win32'" },
    { name = "iniconfig" },
    { name = "packaging" },
    { name = "pluggy" },
    { name = "pygments" },
]
sdist = { url = "https://files.pythonhosted.org/packages/e4/47/b9efed96c114afcfa3c9d3fe98a76a1d14c74a9e266d397cf6eb64be5e01/pytest-9.1.1.tar.gz", hash = "sha256:1088fbde8f2b49d95a549a195707afa7a76a3ce9bcadc26b6d71f0ffda5fe313", size = 1636369, upload-time = "2026-06-19T10:58:32.857Z" }
wheels = [
    { url = "https://files.pythonhosted.org/packages/24/25/1de2678b631f5a49215c6c96fff41ba892b0a34df68d6d80292b1b48aa7f/pytest-9.1.1-py3-none-any.whl", hash = "sha256:37a86b45efb9a47a61a36449063e8e18d0cab3161329fc099eb21783169c4f0c", size = 386536, upload-time = "2026-06-19T10:58:31.347Z" },
]

[[package]]
name = "safetensors"
version = "0.8.0"
source = { registry = "https://pypi.org/simple" }
sdist = { url = "https://files.pythonhosted.org/packages/45/06/f955dbbb1859e3bd23c8ac6141af5106e7ad5fedec4a3a6e3d60f94b7001/safetensors-0.8.0.tar.gz", hash = "sha256:fabaf3e0f18a6618d9b36560682562157f77c2b71fcffc7b432be2baed9d753d", size = 325846, upload-time = "2026-06-09T07:52:25.563Z" }
wheels = [
    { url = "https://files.pythonhosted.org/packages/39/a0/f718cda65b05407d228f97602cf60dca269c979867aa5beb25410de26cd3/safetensors-0.8.0-cp310-abi3-macosx_10_12_x86_64.whl", hash = "sha256:c554f85858e05226d3c2828e32395e677434685d6d94594a41643361c5e837f0", size = 473568, upload-time = "2026-06-09T07:52:18.829Z" },
    { url = "https://files.pythonhosted.org/packages/f5/b1/fa7c600e7dceae12e9606c7578cbc9ff1e1ed55844883ee5c92205e86226/safetensors-0.8.0-cp310-abi3-macosx_11_0_arm64.whl", hash = "sha256:c80201d22cbf405b80647a60ada77bba06c8fba2da2743ba1e89cdcc39a81f25", size = 484562, upload-time = "2026-06-09T07:52:17.518Z" },
    { url = "https://files.pythonhosted.org/packages/09/7d/65a7de0af421317bb36a067241e4235fff194eed60b961ed6d3f59a3fc60/safetensors-0.8.0-cp310-abi3-manylinux_2_17_aarch64.manylinux2014_aarch64.whl", hash = "sha256:7a46e5ff292c356d6991e60942ba7f79817682d3a2cef0702136448cb9c4d235", size = 502844, upload-time = "2026-06-09T07:52:07.624Z" },
    { url = "https://files.pythonhosted.org/packages/91/4f/3175c9d75634e0e0dda0082794193521035edd7c70a6f212bf33ca06ddf4/safetensors-0.8.0-cp310-abi3-manylinux_2_17_armv7l.manylinux2014_armv7l.whl", hash = "sha256:4124502b78f03534117c848f87a39b8f31e577b15eff423bf8bfb95f2a8c30d0", size = 511823, upload-time = "2026-06-09T07:52:09.565Z" },
    { url = "https://files.pythonhosted.org/packages/20/87/846c289e7aa2299eff406335717cf43ce8777194ece8aad75772e0411615/safetensors-0.8.0-cp310-abi3-manylinux_2_17_ppc64le.manylinux2014_ppc64le.whl", hash = "sha256:7bc0a787ba8a35be368ee3574edfa2b1ad389eebd0a72e482ae275490e3f6c98", size = 633461, upload-time = "2026-06-09T07:52:11.128Z" },
    { url = "https://files.pythonhosted.org/packages/76/22/8d64d9df2c45d5ded401df889d0ad90882804ca172d79ec4f0df8f727fe0/safetensors-0.8.0-cp310-abi3-manylinux_2_17_s390x.manylinux2014_s390x.whl", hash = "sha256:040070828e36dc8e122178bbbd5830ff9e97920affb84cbe0f46442497bed358", size = 545148, upload-time = "2026-06-09T07:52:13.603Z" },
    { url = "https://files.pythonhosted.org/packages/28/50/f203ff3a3ddfe19308efc83c5a3a29ed02bf786732ec35e68bf9162f3365/safetensors-0.8.0-cp310-abi3-manylinux_2_17_x86_64.manylinux2014_x86_64.whl", hash = "sha256:fd6f3f93c9a0a7cc2788ee63fb763353d4bd2e89b0751bc78fcf7dda00bea774", size = 516040, upload-time = "2026-06-09T07:52:16.29Z" },
    { url = "https://files.pythonhosted.org/packages/46/fb/cdaed17ceb2948784fd9c36b6fd3e951b608547cea81a48e8ee6f8cfdfcb/safetensors-0.8.0-cp310-abi3-manylinux_2_31_riscv64.whl", hash = "sha256:fcdd41ec4628fee5799f807c73c353629130fbd942aa23d83c623dd6c9d52d78", size = 513832, upload-time = "2026-06-09T07:52:12.37Z" },
    { url = "https://files.pythonhosted.org/packages/0d/49/1e15de264dcc3b77943d2d0c56a95809956883b1c2d6d585c792523f180b/safetensors-0.8.0-cp310-abi3-manylinux_2_5_i686.manylinux1_i686.whl", hash = "sha256:8e9f537aa183a38ace122d27303dcd986b26bd2a7591f9181d7f0c396f4677ca", size = 559930, upload-time = "2026-06-09T07:52:14.743Z" },
    { url = "https://files.pythonhosted.org/packages/2a/43/bf38443278eab4b1be1fce2931e2b012ad9cb7df52ada751d0aab8f7659a/safetensors-0.8.0-cp310-abi3-musllinux_1_2_aarch64.whl", hash = "sha256:87eec7ffed2b809f05a398a8becb7d013f19f7837cd15d9748580d6cf30dbaf4", size = 678670, upload-time = "2026-06-09T07:52:20.032Z" },
    { url = "https://files.pythonhosted.org/packages/72/e3/68cd3fa5b48488e84add63e04cb12f3bc28ae4638c06d4508c6e88823d0e/safetensors-0.8.0-cp310-abi3-musllinux_1_2_armv7l.whl", hash = "sha256:4a95ae2b05d7726d751da4ebf626a2ca782b706e101bd894c95bc2450b1cffcc", size = 786679, upload-time = "2026-06-09T07:52:21.322Z" },
    { url = "https://files.pythonhosted.org/packages/29/4b/1c19c509d56e01f4fbb3d0a2e597450f6cc04d1d56cf52defb0a62dfd715/safetensors-0.8.0-cp310-abi3-musllinux_1_2_i686.whl", hash = "sha256:3ae091f16662658bdc019a4ff6cb4c085bb7d725eb5978b183ffd265863b6d2d", size = 765683, upload-time = "2026-06-09T07:52:22.594Z" },
    { url = "https://files.pythonhosted.org/packages/27/43/41c1621732edd934d868a00d1b891584c892a7b62a9aab82ea5a0a5623ee/safetensors-0.8.0-cp310-abi3-musllinux_1_2_x86_64.whl", hash = "sha256:8e080062fcde23be189565e1c3305d16751a218ecf9412c8601e64204eb6f846", size = 722361, upload-time = "2026-06-09T07:52:23.924Z" },
    { url = "https://files.pythonhosted.org/packages/8e/3f/73ccf82579412b4a71c4ca673f10b5f1f888d7cf5af7fe24f27d30307be4/safetensors-0.8.0-cp310-abi3-win32.whl", hash = "sha256:2ddf52eac562eda224f99acfa7889d02968c1fd59a5b011ae7d8137c37e9c02d", size = 342401, upload-time = "2026-06-09T07:52:28.895Z" },
    { url = "https://files.pythonhosted.org/packages/1b/6d/3fba214c1e5e0f69991677ec3bc17023f0421776975e1de0c682dca475e2/safetensors-0.8.0-cp310-abi3-win_amd64.whl", hash = "sha256:096ec1a98435df7beb08853bb5aa9081a84f23d0adc67ed1a0a10550f608373f", size = 355540, upload-time = "2026-06-09T07:52:27.832Z" },
    { url = "https://files.pythonhosted.org/packages/8d/fc/7eedc3510d97878876e32774eebbeb61c43f148a96e915c84229a3e967aa/safetensors-0.8.0-cp310-abi3-win_arm64.whl", hash = "sha256:f7838e5135a406ad3e02efdcb8cf2e5397d368b0154537c4fec682dbc544d452", size = 340500, upload-time = "2026-06-09T07:52:26.745Z" },
]

[[package]]
name = "setuptools"
version = "84.0.0"
source = { registry = "https://pypi.org/simple" }
sdist = { url = "https://files.pythonhosted.org/packages/6d/44/f5da03a8ef95d369145c5bb53050e7877c9f3d312e128605fd9504829143/setuptools-84.0.0.tar.gz", hash = "sha256:f4695c21257f0d9b537ec2692c941d02ee143b7cc1276941349a546573b2ef73", size = 1168449, upload-time = "2026-08-08T18:27:58.365Z" }
wheels = [
    { url = "https://files.pythonhosted.org/packages/95/9c/c510029fc6ef33a6275cd2c5d3cecd6613dfd6aa401d57c54f1c18852ccf/setuptools-84.0.0-py3-none-any.whl", hash = "sha256:51a52592b3b99e102b609654876bd65f19f999935166d1352678931132b0c670", size = 818216, upload-time = "2026-08-08T18:27:56.719Z" },
]

[[package]]
name = "sympy"
version = "1.14.0"
source = { registry = "https://pypi.org/simple" }
dependencies = [
    { name = "mpmath" },
]
sdist = { url = "https://files.pythonhosted.org/packages/83/d3/803453b36afefb7c2bb238361cd4ae6125a569b4db67cd9e79846ba2d68c/sympy-1.14.0.tar.gz", hash = "sha256:d3d3fe8df1e5a0b42f0e7bdf50541697dbe7d23746e894990c030e2b05e72517", size = 7793921, upload-time = "2025-04-27T18:05:01.611Z" }
wheels = [
    { url = "https://files.pythonhosted.org/packages/a2/09/77d55d46fd61b4a135c444fc97158ef34a095e5681d0a6c10b75bf356191/sympy-1.14.0-py3-none-any.whl", hash = "sha256:e091cc3e99d2141a0ba2847328f5479b05d94a6635cb96148ccb3f34671bd8f5", size = 6299353, upload-time = "2025-04-27T18:04:59.103Z" },
]

[[package]]
name = "tenseal"
version = "0.3.17"
source = { registry = "https://pypi.org/simple" }
dependencies = [
    { name = "numpy" },
]
sdist = { url = "https://files.pythonhosted.org/packages/4e/b3/b0851cae661ec992201451996fcd95b7f27534981891e297fbeb9e97567e/tenseal-0.3.17.tar.gz", hash = "sha256:3b444150bd400392e2672bdbb36f4df455178f4193bd0a00f9cb267400dd6f4f", size = 78115, upload-time = "2026-08-04T02:48:58.745Z" }
wheels = [
    { url = "https://files.pythonhosted.org/packages/14/c4/dc943e0d3ee0fb41905c8c301871e4d5a7d0d8dd1a9304ac14817742e3ed/tenseal-0.3.17-cp313-cp313-macosx_14_0_arm64.whl", hash = "sha256:6ae0720bdd3dad01280676ecb9a904af7627fc03f625bc89d8375e6e0cf3cb67", size = 3689554, upload-time = "2026-08-04T02:48:50.758Z" },
    { url = "https://files.pythonhosted.org/packages/37/ad/3be759d3c3e936484690b233185c4bc36e5e9ca60442ec14376b1433bae3/tenseal-0.3.17-cp313-cp313-manylinux_2_27_x86_64.manylinux_2_28_x86_64.whl", hash = "sha256:71a5623154d7c1327e93aa1bb056e97117f3e5474996e017ade2aaf18c57fb1c", size = 5208329, upload-time = "2026-08-04T02:48:52.321Z" },
    { url = "https://files.pythonhosted.org/packages/e5/a9/ab34dd53c5cd702bb066d2df703aacf59805ebdd2c5d0407dd2f0738f451/tenseal-0.3.17-cp313-cp313-win_amd64.whl", hash = "sha256:170177c99e4c9df64ef976ac4d4cd17aef50fc8f1f78d4eac88643ff1053feb1", size = 2314406, upload-time = "2026-08-04T02:48:53.611Z" },
]

[[package]]
name = "torch"
version = "2.10.0"
source = { registry = "https://download.pytorch.org/whl/cpu" }
resolution-markers = [
    "sys_platform == 'darwin'",
]
dependencies = [
    { name = "filelock" },
    { name = "fsspec" },
    { name = "jinja2" },
    { name = "networkx" },
    { name = "setuptools" },
    { name = "sympy" },
    { name = "typing-extensions" },
]
wheels = [
    { url = "https://download-r2.pytorch.org/whl/cpu/torch-2.10.0-1-cp313-none-macosx_11_0_arm64.whl", hash = "sha256:b39cafff7229699f9d6e172cac74d85fd71b568268e439e08d9c540e54732a3e", upload-time = "2026-02-06T16:27:17Z" },
    { url = "https://download-r2.pytorch.org/whl/cpu/torch-2.10.0-2-cp313-none-macosx_11_0_arm64.whl", hash = "sha256:470de4176007c2700735e003a830828a88d27129032a3add07291da07e2a94e8", upload-time = "2026-02-10T19:55:43Z" },
    { url = "https://download-r2.pytorch.org/whl/cpu/torch-2.10.0-cp313-cp313t-macosx_14_0_arm64.whl", hash = "sha256:339e05502b6c839db40e88720cb700f5a3b50cda332284873e851772d41b2c1e", upload-time = "2026-01-23T15:09:57Z" },
    { url = "https://download-r2.pytorch.org/whl/cpu/torch-2.10.0-cp313-none-macosx_11_0_arm64.whl", hash = "sha256:840351da59cedb7bcbc51981880050813c19ef6b898a7fecf73a3afc71aff3fe", upload-time = "2026-01-23T15:09:59Z" },
]

[[package]]
name = "torch"
version = "2.10.0+cpu"
source = { registry = "https://download.pytorch.org/whl/cpu" }
resolution-markers = [
    "sys_platform != 'darwin'",
]
dependencies = [
    { name = "filelock" },
    { name = "fsspec" },
    { name = "jinja2" },
    { name = "networkx" },
    { name = "setuptools" },
    { name = "sympy" },
    { name = "typing-extensions" },
]
wheels = [
    { url = "https://download-r2.pytorch.org/whl/cpu/torch-2.10.0%2Bcpu-cp313-cp313-linux_aarch64.whl", hash = "sha256:fd215f3d0f681905c5b56b0630a3d666900a37fcc3ca5b937f95275c66f9fd9c", upload-time = "2026-01-23T15:10:34Z" },
    { url = "https://download-r2.pytorch.org/whl/cpu/torch-2.10.0%2Bcpu-cp313-cp313-linux_s390x.whl", hash = "sha256:170a0623108055be5199370335cf9b41ba6875b3cb6f086db4aee583331a4899", upload-time = "2026-01-23T15:10:35Z" },
    { url = "https://download-r2.pytorch.org/whl/cpu/torch-2.10.0%2Bcpu-cp313-cp313-manylinux_2_28_aarch64.whl", hash = "sha256:e51994492cdb76edce29da88de3672a3022f9ef0ffd90345436948d4992be2c7", upload-time = "2026-01-23T15:10:37Z" },
    { url = "https://download-r2.pytorch.org/whl/cpu/torch-2.10.0%2Bcpu-cp313-cp313-manylinux_2_28_x86_64.whl", hash = "sha256:8d316e5bf121f1eab1147e49ad0511a9d92e4c45cc357d1ab0bee440da71a095", upload-time = "2026-01-23T15:10:38Z" },
    { url = "https://download-r2.pytorch.org/whl/cpu/torch-2.10.0%2Bcpu-cp313-cp313-win_amd64.whl", hash = "sha256:b719da5af01b59126ac13eefd6ba3dd12d002dc0e8e79b8b365e55267a8189d3", upload-time = "2026-01-23T15:10:41Z" },
    { url = "https://download-r2.pytorch.org/whl/cpu/torch-2.10.0%2Bcpu-cp313-cp313-win_arm64.whl", hash = "sha256:b67d91326e4ed9eccbd6b7d84ed7ffa43f93103aa3f0b24145f3001f3b11b714", upload-time = "2026-01-23T15:10:42Z" },
    { url = "https://download-r2.pytorch.org/whl/cpu/torch-2.10.0%2Bcpu-cp313-cp313t-linux_aarch64.whl", hash = "sha256:5af75e5f49de21b0bdf7672bc27139bd285f9e8dbcabe2d617a2eb656514ac36", upload-time = "2026-01-23T15:10:44Z" },
    { url = "https://download-r2.pytorch.org/whl/cpu/torch-2.10.0%2Bcpu-cp313-cp313t-linux_s390x.whl", hash = "sha256:ba51ef01a510baf8fff576174f702c47e1aa54389a9f1fba323bb1a5003ff0bf", upload-time = "2026-01-23T15:10:48Z" },
    { url = "https://download-r2.pytorch.org/whl/cpu/torch-2.10.0%2Bcpu-cp313-cp313t-manylinux_2_28_aarch64.whl", hash = "sha256:0fedcb1a77e8f2aaf7bfd21591bf6d1e0b207473268c9be16b17cb7783253969", upload-time = "2026-01-23T15:10:48Z" },
    { url = "https://download-r2.pytorch.org/whl/cpu/torch-2.10.0%2Bcpu-cp313-cp313t-manylinux_2_28_x86_64.whl", hash = "sha256:106dd1930cb30a4a337366ba3f9b25318ebf940f51fd46f789281dd9e736bdc4", upload-time = "2026-01-23T15:10:50Z" },
    { url = "https://download-r2.pytorch.org/whl/cpu/torch-2.10.0%2Bcpu-cp313-cp313t-win_amd64.whl", hash = "sha256:eb1bde1ce198f05c8770017de27e001d404499cf552aaaa014569eff56ca25c0", upload-time = "2026-01-23T15:10:50Z" },
]

[[package]]
name = "typing-extensions"
version = "4.16.0"
source = { registry = "https://pypi.org/simple" }
sdist = { url = "https://files.pythonhosted.org/packages/f6/cc/6253133b5bb138fc3306cebfbda2c520f545d36b5be2c7255cc528bb45d6/typing_extensions-4.16.0.tar.gz", hash = "sha256:dc983d19a509c94dba722ee6abd33940f7c05a89e243c47e907eb4db6f1a43e5", size = 113555, upload-time = "2026-07-02T08:40:05.92Z" }
wheels = [
    { url = "https://files.pythonhosted.org/packages/49/d3/b8441a820a491ddfc024b0b0cf0393375b75ea13866d9c66727e54c2fc80/typing_extensions-4.16.0-py3-none-any.whl", hash = "sha256:481caa481374e813c1b176ada14e97f1f67a4539ce9cfeb3f350d78d6370c2e8", size = 45571, upload-time = "2026-07-02T08:40:04.659Z" },
]
